
Microsoft Visual Studio Solution File, Format Version 12.00
# Visual Studio Version 16
VisualStudioVersion = 16.0.33927.289
MinimumVisualStudioVersion = 10.0.40219.1
Project("{FAE04EC0-301F-11D3-BF4B-00C04F79EFBC}") = "TeduWeb", "TeduWeb\TeduWeb.csproj", "{9A688AE9-D0AB-4951-AD58-10939595683C}"
EndProject
Project("{FAE04EC0-301F-11D3-BF4B-00C04F79EFBC}") = "TeduWeb.Infrastructure", "TeduCoreApp.Infrastructure\TeduWeb.Infrastructure.csproj", "{A30E88DD-A1B3-41A8-A645-44472F01FD2D}"
EndProject
Project("{FAE04EC0-301F-11D3-BF4B-00C04F79EFBC}") = "TeduWeb.Utilities", "TeduWeb.Utilities\TeduWeb.Utilities.csproj", "{7D778482-C553-4AE0-85D9-9897DF25055A}"
EndProject
Project("{FAE04EC0-301F-11D3-BF4B-00C04F79EFBC}") = "TeduWeb.Data", "TeduWeb.Data\TeduWeb.Data.csproj", "{8FC9D82D-4571-485D-A45F-351FAA0A4469}"
EndProject
Project("{FAE04EC0-301F-11D3-BF4B-00C04F79EFBC}") = "TeduWeb.Data.EF", "TeduWeb.Data.EF\TeduWeb.Data.EF.csproj", "{C97CAC92-BB94-4768-80F3-59B587FD3723}"
EndProject
Project("{FAE04EC0-301F-11D3-BF4B-00C04F79EFBC}") = "TeduWeb.Application", "TeduWeb.Application\TeduWeb.Application.csproj", "{AC719201-6A1F-4D00-AEA1-CE2E16C6BE2B}"
EndProject
Project("{2150E333-8FDC-42A3-9474-1A3956D46DE8}") = "1-Presentation", "1-Presentation", "{8D087A7C-ADB5-4698-A41C-236E70AD42F7}"
EndProject
Project("{2150E333-8FDC-42A3-9474-1A3956D46DE8}") = "2-Application", "2-Application", "{ACAC0E69-27AF-4993-9A51-D208369D6E8D}"
EndProject
Project("{2150E333-8FDC-42A3-9474-1A3956D46DE8}") = "3-Domain", "3-Domain", "{768F343C-0683-4D97-A67C-8B6AB98D41DD}"
EndProject
Project("{2150E333-8FDC-42A3-9474-1A3956D46DE8}") = "4-Infrastructure", "4-Infrastructure", "{5B75738A-A4B6-4D24-A22C-E71A0EA2FD3C}"
EndProject
Global
	GlobalSection(SolutionConfigurationPlatforms) = preSolution
		Debug|Any CPU = Debug|Any CPU
		Release|Any CPU = Release|Any CPU
	EndGlobalSection
	GlobalSection(ProjectConfigurationPlatforms) = postSolution
		{9A688AE9-D0AB-4951-AD58-10939595683C}.Debug|Any CPU.ActiveCfg = Debug|Any CPU
		{9A688AE9-D0AB-4951-AD58-10939595683C}.Debug|Any CPU.Build.0 = Debug|Any CPU
		{9A688AE9-D0AB-4951-AD58-10939595683C}.Release|Any CPU.ActiveCfg = Release|Any CPU
		{9A688AE9-D0AB-4951-AD58-10939595683C}.Release|Any CPU.Build.0 = Release|Any CPU
		{A30E88DD-A1B3-41A8-A645-44472F01FD2D}.Debug|Any CPU.ActiveCfg = Debug|Any CPU
		{A30E88DD-A1B3-41A8-A645-44472F01FD2D}.Debug|Any CPU.Build.0 = Debug|Any CPU
		{A30E88DD-A1B3-41A8-A645-44472F01FD2D}.Release|Any CPU.ActiveCfg = Release|Any CPU
		{A30E88DD-A1B3-41A8-A645-44472F01FD2D}.Release|Any CPU.Build.0 = Release|Any CPU
		{7D778482-C553-4AE0-85D9-9897DF25055A}.Debug|Any CPU.ActiveCfg = Debug|Any CPU
		{7D778482-C553-4AE0-85D9-9897DF25055A}.Debug|Any CPU.Build.0 = Debug|Any CPU
		{7D778482-C553-4AE0-85D9-9897DF25055A}.Release|Any CPU.ActiveCfg = Release|Any CPU
		{7D778482-C553-4AE0-85D9-9897DF25055A}.Release|Any CPU.Build.0 = Release|Any CPU
		{8FC9D82D-4571-485D-A45F-351FAA0A4469}.Debug|Any CPU.ActiveCfg = Debug|Any CPU
		{8FC9D82D-4571-485D-A45F-351FAA0A4469}.Debug|Any CPU.Build.0 = Debug|Any CPU
		{8FC9D82D-4571-485D-A45F-351FAA0A4469}.Release|Any CPU.ActiveCfg = Release|Any CPU
		{8FC9D82D-4571-485D-A45F-351FAA0A4469}.Release|Any CPU.Build.0 = Release|Any CPU
		{C97CAC92-BB94-4768-80F3-59B587FD3723}.Debug|Any CPU.ActiveCfg = Debug|Any CPU
		{C97CAC92-BB94-4768-80F3-59B587FD3723}.Debug|Any CPU.Build.0 = Debug|Any CPU
		{C97CAC92-BB94-4768-80F3-59B587FD3723}.Release|Any CPU.ActiveCfg = Release|Any CPU
		{C97CAC92-BB94-4768-80F3-59B587FD3723}.Release|Any CPU.Build.0 = Release|Any CPU
		{AC719201-6A1F-4D00-AEA1-CE2E16C6BE2B}.Debug|Any CPU.ActiveCfg = Debug|Any CPU
		{AC719201-6A1F-4D00-AEA1-CE2E16C6BE2B}.Debug|Any CPU.Build.0 = Debug|Any CPU
		{AC719201-6A1F-4D00-AEA1-CE2E16C6BE2B}.Release|Any CPU.ActiveCfg = Release|Any CPU
		{AC719201-6A1F-4D00-AEA1-CE2E16C6BE2B}.Release|Any CPU.Build.0 = Release|Any CPU
	EndGlobalSection
	GlobalSection(SolutionProperties) = preSolution
		HideSolutionNode = FALSE
	EndGlobalSection
	GlobalSection(NestedProjects) = preSolution
		{9A688AE9-D0AB-4951-AD58-10939595683C} = {8D087A7C-ADB5-4698-A41C-236E70AD42F7}
		{A30E88DD-A1B3-41A8-A645-44472F01FD2D} = {5B75738A-A4B6-4D24-A22C-E71A0EA2FD3C}
		{7D778482-C553-4AE0-85D9-9897DF25055A} = {5B75738A-A4B6-4D24-A22C-E71A0EA2FD3C}
		{8FC9D82D-4571-485D-A45F-351FAA0A4469} = {768F343C-0683-4D97-A67C-8B6AB98D41DD}
		{C97CAC92-BB94-4768-80F3-59B587FD3723} = {768F343C-0683-4D97-A67C-8B6AB98D41DD}
		{AC719201-6A1F-4D00-AEA1-CE2E16C6BE2B} = {ACAC0E69-27AF-4993-9A51-D208369D6E8D}
	EndGlobalSection
	GlobalSection(ExtensibilityGlobals) = postSolution
		SolutionGuid = {6E16FEC7-7E82-4346-B605-2D90A402DB02}
	EndGlobalSection
EndGlobal
